// !$*UTF8*$!
{
	archiveVersion = 1;
	classes = {
	};
	objectVersion = 50;
	objects = {

/* Begin PBXBuildFile section */
		BFCD7789254BB26C00337140 /* AppDelegate.swift in Sources */ = {isa = PBXBuildFile; fileRef = BFCD7788254BB26C00337140 /* AppDelegate.swift */; };
		BFCD778B254BB26C00337140 /* SceneDelegate.swift in Sources */ = {isa = PBXBuildFile; fileRef = BFCD778A254BB26C00337140 /* SceneDelegate.swift */; };
		BFCD778D254BB26C00337140 /* ViewController.swift in Sources */ = {isa = PBXBuildFile; fileRef = BFCD778C254BB26C00337140 /* ViewController.swift */; };
		BFCD7790254BB26C00337140 /* Main.storyboard in Resources */ = {isa = PBXBuildFile; fileRef = BFCD778E254BB26C00337140 /* Main.storyboard */; };
		BFCD7792254BB26F00337140 /* Assets.xcassets in Resources */ = {isa = PBXBuildFile; fileRef = BFCD7791254BB26F00337140 /* Assets.xcassets */; };
		BFCD7795254BB26F00337140 /* LaunchScreen.storyboard in Resources */ = {isa = PBXBuildFile; fileRef = BFCD7793254BB26F00337140 /* LaunchScreen.storyboard */; };
/* End PBXBuildFile section */

/* Begin PBXFileReference section */
		BFCD7785254BB26C00337140 /* PropertyObserver_UIKitDemo.app */ = {isa = PBXFileReference; explicitFileType = wrapper.application; includeInIndex = 0; path = PropertyObserver_UIKitDemo.app; sourceTree = BUILT_PRODUCTS_DIR; };
		BFCD7788254BB26C00337140 /* AppDelegate.swift */ = {isa = PBXFileReference; lastKnownFileType = sourcecode.swift; path = AppDelegate.swift; sourceTree = "<group>"; };
		BFCD778A254BB26C00337140 /* SceneDelegate.swift */ = {isa = PBXFileReference; lastKnownFileType = sourcecode.swift; path = SceneDelegate.swift; sourceTree = "<group>"; };
		BFCD778C254BB26C00337140 /* ViewController.swift */ = {isa = PBXFileReference; lastKnownFileType = sourcecode.swift; path = ViewController.swift; sourceTree = "<group>"; };
		BFCD778F254BB26C00337140 /* Base */ = {isa = PBXFileReference; lastKnownFileType = file.storyboard; name = Base; path = Base.lproj/Main.storyboard; sourceTree = "<group>"; };
		BFCD7791254BB26F00337140 /* Assets.xcassets */ = {isa = PBXFileReference; lastKnownFileType = folder.assetcatalog; path = Assets.xcassets; sourceTree = "<group>"; };
		BFCD7794254BB26F00337140 /* Base */ = {isa = PBXFileReference; lastKnownFileType = file.storyboard; name = Base; path = Base.lproj/LaunchScreen.storyboard; sourceTree = "<group>"; };
		BFCD7796254BB26F00337140 /* Info.plist */ = {isa = PBXFileReference; lastKnownFileType = text.plist.xml; path = Info.plist; sourceTree = "<group>"; };
/* End PBXFileReference section */

/* Begin PBXFrameworksBuildPhase section */
		BFCD7782254BB26C00337140 /* Frameworks */ = {
			isa = PBXFrameworksBuildPhase;
			buildActionMask = 2147483647;
			files = (
			);
			runOnlyForDeploymentPostprocessing = 0;
		};
/* End PBXFrameworksBuildPhase section */

/* Begin PBXGroup section */
		BFCD777C254BB26C00337140 = {
			isa = PBXGroup;
			children = (
				BFCD7787254BB26C00337140 /* PropertyObserver_UIKitDemo */,
				BFCD7786254BB26C00337140 /* Products */,
			);
			sourceTree = "<group>";
		};
		BFCD7786254BB26C00337140 /* Products */ = {
			isa = PBXGroup;
			children = (
				BFCD7785254BB26C00337140 /* PropertyObserver_UIKitDemo.app */,
			);
			name = Products;
			sourceTree = "<group>";
		};
		BFCD7787254BB26C00337140 /* PropertyObserver_UIKitDemo */ = {
			isa = PBXGroup;
			children = (
				BFCD7788254BB26C00337140 /* AppDelegate.swift */,
				BFCD778A254BB26C00337140 /* SceneDelegate.swift */,
				BFCD778C254BB26C00337140 /* ViewController.swift */,
				BFCD778E254BB26C00337140 /* Main.storyboard */,
				BFCD7791254BB26F00337140 /* Assets.xcassets */,
				BFCD7793254BB26F00337140 /* LaunchScreen.storyboard */,
				BFCD7796254BB26F00337140 /* Info.plist */,
			);
			path = PropertyObserver_UIKitDemo;
			sourceTree = "<group>";
		};
/* End PBXGroup section */

/* Begin PBXNativeTarget section */
		BFCD7784254BB26C00337140 /* PropertyObserver_UIKitDemo */ = {
			isa = PBXNativeTarget;
			buildConfigurationList = BFCD7799254BB26F00337140 /* Build configuration list for PBXNativeTarget "PropertyObserver_UIKitDemo" */;
			buildPhases = (
				BFCD7781254BB26C00337140 /* Sources */,
				BFCD7782254BB26C00337140 /* Frameworks */,
				BFCD7783254BB26C00337140 /* Resources */,
			);
			buildRules = (
			);
			dependencies = (
			);
			name = PropertyObserver_UIKitDemo;
			productName = PropertyObserver_UIKitDemo;
			productReference = BFCD7785254BB26C00337140 /* PropertyObserver_UIKitDemo.app */;
			productType = "com.apple.product-type.application";
		};
/* End PBXNativeTarget section */

/* Begin PBXProject section */
		BFCD777D254BB26C00337140 /* Project object */ = {
			isa = PBXProject;
			attributes = {
				LastSwiftUpdateCheck = 1210;
				LastUpgradeCheck = 1210;
				TargetAttributes = {
					BFCD7784254BB26C00337140 = {
						CreatedOnToolsVersion = 12.1;
					};
				};
			};
			buildConfigurationList = BFCD7780254BB26C00337140 /* Build configuration list for PBXProject "PropertyObserver_UIKitDemo" */;
			compatibilityVersion = "Xcode 9.3";
			developmentRegion = en;
			hasScannedForEncodings = 0;
			knownRegions = (
				en,
				Base,
			);
			mainGroup = BFCD777C254BB26C00337140;
			productRefGroup = BFCD7786254BB26C00337140 /* Products */;
			projectDirPath = "";
			projectRoot = "";
			targets = (
				BFCD7784254BB26C00337140 /* PropertyObserver_UIKitDemo */,
			);
		};
/* End PBXProject section */

/* Begin PBXResourcesBuildPhase section */
		BFCD7783254BB26C00337140 /* Resources */ = {
			isa = PBXResourcesBuildPhase;
			buildActionMask = 2147483647;
			files = (
				BFCD7795254BB26F00337140 /* LaunchScreen.storyboard in Resources */,
				BFCD7792254BB26F00337140 /* Assets.xcassets in Resources */,
				BFCD7790254BB26C00337140 /* Main.storyboard in Resources */,
			);
			runOnlyForDeploymentPostprocessing = 0;
		};
/* End PBXResourcesBuildPhase section */

/* Begin PBXSourcesBuildPhase section */
		BFCD7781254BB26C00337140 /* Sources */ = {
			isa = PBXSourcesBuildPhase;
			buildActionMask = 2147483647;
			files = (
				BFCD778D254BB26C00337140 /* ViewController.swift in Sources */,
				BFCD7789254BB26C00337140 /* AppDelegate.swift in Sources */,
				BFCD778B254BB26C00337140 /* SceneDelegate.swift in Sources */,
			);
			runOnlyForDeploymentPostprocessing = 0;
		};
/* End PBXSourcesBuildPhase section */

/* Begin PBXVariantGroup section */
		BFCD778E254BB26C00337140 /* Main.storyboard */ = {
			isa = PBXVariantGroup;
			children = (
				BFCD778F254BB26C00337140 /* Base */,
			);
			name = Main.storyboard;
			sourceTree = "<group>";
		};
		BFCD7793254BB26F00337140 /* LaunchScreen.storyboard */ = {
			isa = PBXVariantGroup;
			children = (
				BFCD7794254BB26F00337140 /* Base */,
			);
			name = LaunchScreen.storyboard;
			sourceTree = "<group>";
		};
/* End PBXVariantGroup section */

/* Begin XCBuildConfiguration section */
		BFCD7797254BB26F00337140 /* Debug */ = {
			isa = XCBuildConfiguration;
			buildSettings = {
				ALWAYS_SEARCH_USER_PATHS = NO;
				CLANG_ANALYZER_NONNULL = YES;
				CLANG_ANALYZER_NUMBER_OBJECT_CONVERSION = YES_AGGRESSIVE;
				CLANG_CXX_LANGUAGE_STANDARD = "gnu++14";
				CLANG_CXX_LIBRARY = "libc++";
				CLANG_ENABLE_MODULES = YES;
				CLANG_ENABLE_OBJC_ARC = YES;
				CLANG_ENABLE_OBJC_WEAK = YES;
				CLANG_WARN_BLOCK_CAPTURE_AUTORELEASING = YES;
				CLANG_WARN_BOOL_CONVERSION = YES;
				CLANG_WARN_COMMA = YES;
				CLANG_WARN_CONSTANT_CONVERSION = YES;
				CLANG_WARN_DEPRECATED_OBJC_IMPLEMENTATIONS = YES;
				CLANG_WARN_DIRECT_OBJC_ISA_USAGE = YES_ERROR;
				CLANG_WARN_DOCUMENTATION_COMMENTS = YES;
				CLANG_WARN_EMPTY_BODY = YES;
				CLANG_WARN_ENUM_CONVERSION = YES;
				CLANG_WARN_INFINITE_RECURSION = YES;
				CLANG_WARN_INT_CONVERSION = YES;
				CLANG_WARN_NON_LITERAL_NULL_CONVERSION = YES;
				CLANG_WARN_OBJC_IMPLICIT_RETAIN_SELF = YES;
				CLANG_WARN_OBJC_LITERAL_CONVERSION = YES;
				CLANG_WARN_OBJC_ROOT_CLASS = YES_ERROR;
				CLANG_WARN_QUOTED_INCLUDE_IN_FRAMEWORK_HEADER = YES;
				CLANG_WARN_RANGE_LOOP_ANALYSIS = YES;
				CLANG_WARN_STRICT_PROTOTYPES = YES;
				CLANG_WARN_SUSPICIOUS_MOVE = YES;
				CLANG_WARN_UNGUARDED_AVAILABILITY = YES_AGGRESSIVE;
				CLANG_WARN_UNREACHABLE_CODE = YES;
				CLANG_WARN__DUPLICATE_METHOD_MATCH = YES;
				COPY_PHASE_STRIP = NO;
				DEBUG_INFORMATION_FORMAT = dwarf;
				ENABLE_STRICT_OBJC_MSGSEND = YES;
				ENABLE_TESTABILITY = YES;
				GCC_C_LANGUAGE_STANDARD = gnu11;
				GCC_DYNAMIC_NO_PIC = NO;
				GCC_NO_COMMON_BLOCKS = YES;
				GCC_OPTIMIZATION_LEVEL = 0;
				GCC_PREPROCESSOR_DEFINITIONS = (
					"DEBUG=1",
					"$(inherited)",
				);
				GCC_WARN_64_TO_32_BIT_CONVERSION = YES;
				GCC_WARN_ABOUT_RETURN_TYPE = YES_ERROR;
				GCC_WARN_UNDECLARED_SELECTOR = YES;
				GCC_WARN_UNINITIALIZED_AUTOS = YES_AGGRESSIVE;
				GCC_WARN_UNUSED_FUNCTION = YES;
				GCC_WARN_UNUSED_VARIABLE = YES;
				IPHONEOS_DEPLOYMENT_TARGET = 14.1;
				MTL_ENABLE_DEBUG_INFO = INCLUDE_SOURCE;
				MTL_FAST_MATH = YES;
				ONLY_ACTIVE_ARCH = YES;
				SDKROOT = iphoneos;
				SWIFT_ACTIVE_COMPILATION_CONDITIONS = DEBUG;
				SWIFT_OPTIMIZATION_LEVEL = "-Onone";
			};
			name = Debug;
		};
		BFCD7798254BB26F00337140 /* Release */ = {
			isa = XCBuildConfiguration;
			buildSettings = {
				ALWAYS_SEARCH_USER_PATHS = NO;
				CLANG_ANALYZER_NONNULL = YES;
				CLANG_ANALYZER_NUMBER_OBJECT_CONVERSION = YES_AGGRESSIVE;
				CLANG_CXX_LANGUAGE_STANDARD = "gnu++14";
				CLANG_CXX_LIBRARY = "libc++";
				CLANG_ENABLE_MODULES = YES;
				CLANG_ENABLE_OBJC_ARC = YES;
				CLANG_ENABLE_OBJC_WEAK = YES;
				CLANG_WARN_BLOCK_CAPTURE_AUTORELEASING = YES;
				CLANG_WARN_BOOL_CONVERSION = YES;
				CLANG_WARN_COMMA = YES;
				CLANG_WARN_CONSTANT_CONVERSION = YES;
				CLANG_WARN_DEPRECATED_OBJC_IMPLEMENTATIONS = YES;
				CLANG_WARN_DIRECT_OBJC_ISA_USAGE = YES_ERROR;
				CLANG_WARN_DOCUMENTATION_COMMENTS = YES;
				CLANG_WARN_EMPTY_BODY = YES;
				CLANG_WARN_ENUM_CONVERSION = YES;
				CLANG_WARN_INFINITE_RECURSION = YES;
				CLANG_WARN_INT_CONVERSION = YES;
				CLANG_WARN_NON_LITERAL_NULL_CONVERSION = YES;
				CLANG_WARN_OBJC_IMPLICIT_RETAIN_SELF = YES;
				CLANG_WARN_OBJC_LITERAL_CONVERSION = YES;
				CLANG_WARN_OBJC_ROOT_CLASS = YES_ERROR;
				CLANG_WARN_QUOTED_INCLUDE_IN_FRAMEWORK_HEADER = YES;
				CLANG_WARN_RANGE_LOOP_ANALYSIS = YES;
				CLANG_WARN_STRICT_PROTOTYPES = YES;
				CLANG_WARN_SUSPICIOUS_MOVE = YES;
				CLANG_WARN_UNGUARDED_AVAILABILITY = YES_AGGRESSIVE;
				CLANG_WARN_UNREACHABLE_CODE = YES;
				CLANG_WARN__DUPLICATE_METHOD_MATCH = YES;
				COPY_PHASE_STRIP = NO;
				DEBUG_INFORMATION_FORMAT = "dwarf-with-dsym";
				ENABLE_NS_ASSERTIONS = NO;
				ENABLE_STRICT_OBJC_MSGSEND = YES;
				GCC_C_LANGUAGE_STANDARD = gnu11;
				GCC_NO_COMMON_BLOCKS = YES;
				GCC_WARN_64_TO_32_BIT_CONVERSION = YES;
				GCC_WARN_ABOUT_RETURN_TYPE = YES_ERROR;
				GCC_WARN_UNDECLARED_SELECTOR = YES;
				GCC_WARN_UNINITIALIZED_AUTOS = YES_AGGRESSIVE;
				GCC_WARN_UNUSED_FUNCTION = YES;
				GCC_WARN_UNUSED_VARIABLE = YES;
				IPHONEOS_DEPLOYMENT_TARGET = 14.1;
				MTL_ENABLE_DEBUG_INFO = NO;
				MTL_FAST_MATH = YES;
				SDKROOT = iphoneos;
				SWIFT_COMPILATION_MODE = wholemodule;
				SWIFT_OPTIMIZATION_LEVEL = "-O";
				VALIDATE_PRODUCT = YES;
			};
			name = Release;
		};
		BFCD779A254BB26F00337140 /* Debug */ = {
			isa = XCBuildConfiguration;
			buildSettings = {
				ASSETCATALOG_COMPILER_APPICON_NAME = AppIcon;
				ASSETCATALOG_COMPILER_GLOBAL_ACCENT_COLOR_NAME = AccentColor;
				CODE_SIGN_STYLE = Automatic;
				DEVELOPMENT_TEAM = 872HCG8AJ3;
				INFOPLIST_FILE = PropertyObserver_UIKitDemo/Info.plist;
				LD_RUNPATH_SEARCH_PATHS = (
					"$(inherited)",
					"@executable_path/Frameworks",
				);
				PRODUCT_BUNDLE_IDENTIFIER = "TsukubaDepot.net.PropertyObserver-UIKitDemo";
				PRODUCT_NAME = "$(TARGET_NAME)";
				SWIFT_VERSION = 5.0;
				TARGETED_DEVICE_FAMILY = "1,2";
			};
			name = Debug;
		};
		BFCD779B254BB26F00337140 /* Release */ = {
			isa = XCBuildConfiguration;
			buildSettings = {
				ASSETCATALOG_COMPILER_APPICON_NAME = AppIcon;
				ASSETCATALOG_COMPILER_GLOBAL_ACCENT_COLOR_NAME = AccentColor;
				CODE_SIGN_STYLE = Automatic;
				DEVELOPMENT_TEAM = 872HCG8AJ3;
				INFOPLIST_FILE = PropertyObserver_UIKitDemo/Info.plist;
				LD_RUNPATH_SEARCH_PATHS = (
					"$(inherited)",
					"@executable_path/Frameworks",
				);
				PRODUCT_BUNDLE_IDENTIFIER = "TsukubaDepot.net.PropertyObserver-UIKitDemo";
				PRODUCT_NAME = "$(TARGET_NAME)";
				SWIFT_VERSION = 5.0;
				TARGETED_DEVICE_FAMILY = "1,2";
			};
			name = Release;
		};
/* End XCBuildConfiguration section */

/* Begin XCConfigurationList section */
		BFCD7780254BB26C00337140 /* Build configuration list for PBXProject "PropertyObserver_UIKitDemo" */ = {
			isa = XCConfigurationList;
			buildConfigurations = (
				BFCD7797254BB26F00337140 /* Debug */,
				BFCD7798254BB26F00337140 /* Release */,
			);
			defaultConfigurationIsVisible = 0;
			defaultConfigurationName = Release;
		};
		BFCD7799254BB26F00337140 /* Build configuration list for PBXNativeTarget "PropertyObserver_UIKitDemo" */ = {
			isa = XCConfigurationList;
			buildConfigurations = (
				BFCD779A254BB26F00337140 /* Debug */,
				BFCD779B254BB26F00337140 /* Release */,
			);
			defaultConfigurationIsVisible = 0;
			defaultConfigurationName = Release;
		};
/* End XCConfigurationList section */
	};
	rootObject = BFCD777D254BB26C00337140 /* Project object */;
}
